
Microsoft Visual Studio Solution File, Format Version 12.00
# Visual Studio Version 16
VisualStudioVersion = 16.0.31129.286
MinimumVisualStudioVersion = 10.0.40219.1
Project("{FAE04EC0-301F-11D3-BF4B-00C04F79EFBC}") = "ArticleFournisseur", "ArticleFournisseur.csproj", "{B5308D5E-9125-48C9-9BD8-6A070A2C9F0E}"
EndProject
Global
	GlobalSection(SolutionConfigurationPlatforms) = preSolution
		Debug|Any CPU = Debug|Any CPU
		Release|Any CPU = Release|Any CPU
	EndGlobalSection
	GlobalSection(ProjectConfigurationPlatforms) = postSolution
		{B5308D5E-9125-48C9-9BD8-6A070A2C9F0E}.Debug|Any CPU.ActiveCfg = Debug|Any CPU
		{B5308D5E-9125-48C9-9BD8-6A070A2C9F0E}.Debug|Any CPU.Build.0 = Debug|Any CPU
		{B5308D5E-9125-48C9-9BD8-6A070A2C9F0E}.Release|Any CPU.ActiveCfg = Release|Any CPU
		{B5308D5E-9125-48C9-9BD8-6A070A2C9F0E}.Release|Any CPU.Build.0 = Release|Any CPU
	EndGlobalSection
	GlobalSection(SolutionProperties) = preSolution
		HideSolutionNode = FALSE
	EndGlobalSection
	GlobalSection(ExtensibilityGlobals) = postSolution
		SolutionGuid = {7C7DCCE3-A9FA-412B-BC0C-80E658A46F0F}
	EndGlobalSection
EndGlobal
