
Microsoft Visual Studio Solution File, Format Version 12.00
# Visual Studio 15
Project("{FAE04EC0-301F-11D3-BF4B-00C04F79EFBC}") = "Assembly-CSharp-firstpass", "Assembly-CSharp-firstpass.csproj", "{34D7F26E-A0A0-DB3E-B403-2DAF8AC8AAD8}"
EndProject
Project("{FAE04EC0-301F-11D3-BF4B-00C04F79EFBC}") = "Assembly-CSharp", "Assembly-CSharp.csproj", "{7CF99F97-34A7-64A1-F30E-AC546C1F2243}"
EndProject
Global
	GlobalSection(SolutionConfigurationPlatforms) = preSolution
		Debug|Any CPU = Debug|Any CPU
		Release|Any CPU = Release|Any CPU
	EndGlobalSection
	GlobalSection(ProjectConfigurationPlatforms) = postSolution
		{34D7F26E-A0A0-DB3E-B403-2DAF8AC8AAD8}.Debug|Any CPU.ActiveCfg = Debug|Any CPU
		{34D7F26E-A0A0-DB3E-B403-2DAF8AC8AAD8}.Debug|Any CPU.Build.0 = Debug|Any CPU
		{34D7F26E-A0A0-DB3E-B403-2DAF8AC8AAD8}.Release|Any CPU.ActiveCfg = Release|Any CPU
		{34D7F26E-A0A0-DB3E-B403-2DAF8AC8AAD8}.Release|Any CPU.Build.0 = Release|Any CPU
		{7CF99F97-34A7-64A1-F30E-AC546C1F2243}.Debug|Any CPU.ActiveCfg = Debug|Any CPU
		{7CF99F97-34A7-64A1-F30E-AC546C1F2243}.Debug|Any CPU.Build.0 = Debug|Any CPU
		{7CF99F97-34A7-64A1-F30E-AC546C1F2243}.Release|Any CPU.ActiveCfg = Release|Any CPU
		{7CF99F97-34A7-64A1-F30E-AC546C1F2243}.Release|Any CPU.Build.0 = Release|Any CPU
	EndGlobalSection
	GlobalSection(SolutionProperties) = preSolution
		HideSolutionNode = FALSE
	EndGlobalSection
EndGlobal
